
Microsoft Visual Studio Solution File, Format Version 12.00
# Visual Studio Version 16
VisualStudioVersion = 16.0.31624.102
MinimumVisualStudioVersion = 10.0.40219.1
Project("{FAE04EC0-301F-11D3-BF4B-00C04F79EFBC}") = "pr_7_8_is12331", "pr_7_8_is12331\pr_7_8_is12331.csproj", "{6B771013-EC1D-4876-93FF-FCD7DC17B4CE}"
EndProject
Global
	GlobalSection(SolutionConfigurationPlatforms) = preSolution
		Debug|Any CPU = Debug|Any CPU
		Release|Any CPU = Release|Any CPU
	EndGlobalSection
	GlobalSection(ProjectConfigurationPlatforms) = postSolution
		{6B771013-EC1D-4876-93FF-FCD7DC17B4CE}.Debug|Any CPU.ActiveCfg = Debug|Any CPU
		{6B771013-EC1D-4876-93FF-FCD7DC17B4CE}.Debug|Any CPU.Build.0 = Debug|Any CPU
		{6B771013-EC1D-4876-93FF-FCD7DC17B4CE}.Release|Any CPU.ActiveCfg = Release|Any CPU
		{6B771013-EC1D-4876-93FF-FCD7DC17B4CE}.Release|Any CPU.Build.0 = Release|Any CPU
	EndGlobalSection
	GlobalSection(SolutionProperties) = preSolution
		HideSolutionNode = FALSE
	EndGlobalSection
	GlobalSection(ExtensibilityGlobals) = postSolution
		SolutionGuid = {EA67EF1D-B8AA-4D76-9AB1-EA1E7E61AC54}
	EndGlobalSection
EndGlobal
